
Microsoft Visual Studio Solution File, Format Version 11.00
# Visual Studio 2010
Project("{FAE04EC0-301F-11D3-BF4B-00C04F79EFBC}") = "Assembly-CSharp-firstpass", "Assembly-CSharp-firstpass.csproj", "{dd02d061-a8ad-4d29-6dbd-5258ea649480}"
EndProject
Project("{FAE04EC0-301F-11D3-BF4B-00C04F79EFBC}") = "Assembly-CSharp", "Assembly-CSharp.csproj", "{b8c39c12-ff73-702c-bc19-77fe8c6f0e25}"
EndProject
Project("{FAE04EC0-301F-11D3-BF4B-00C04F79EFBC}") = "GoogleMobileAds", "GoogleMobileAds.csproj", "{4a1ed4d3-49da-0749-a8a9-7ef707cb7696}"
EndProject
Project("{FAE04EC0-301F-11D3-BF4B-00C04F79EFBC}") = "Assembly-CSharp-Editor-firstpass", "Assembly-CSharp-Editor-firstpass.csproj", "{34d12595-59f1-9dcf-f756-66cb7ca91d4e}"
EndProject
Project("{FAE04EC0-301F-11D3-BF4B-00C04F79EFBC}") = "Assembly-CSharp-Editor", "Assembly-CSharp-Editor.csproj", "{92315696-cf3e-3982-8852-7c1dbaa88748}"
EndProject
Project("{FAE04EC0-301F-11D3-BF4B-00C04F79EFBC}") = "GoogleMobileAds.Editor", "GoogleMobileAds.Editor.csproj", "{36b762e2-5cd1-b849-53e5-b755b83595bf}"
EndProject
Global
	GlobalSection(SolutionConfigurationPlatforms) = preSolution
		Debug|Any CPU = Debug|Any CPU
	EndGlobalSection
	GlobalSection(ProjectConfigurationPlatforms) = postSolution
		{dd02d061-a8ad-4d29-6dbd-5258ea649480}.Debug|Any CPU.ActiveCfg = Debug|Any CPU
		{dd02d061-a8ad-4d29-6dbd-5258ea649480}.Debug|Any CPU.Build.0 = Debug|Any CPU
		{b8c39c12-ff73-702c-bc19-77fe8c6f0e25}.Debug|Any CPU.ActiveCfg = Debug|Any CPU
		{b8c39c12-ff73-702c-bc19-77fe8c6f0e25}.Debug|Any CPU.Build.0 = Debug|Any CPU
		{4a1ed4d3-49da-0749-a8a9-7ef707cb7696}.Debug|Any CPU.ActiveCfg = Debug|Any CPU
		{4a1ed4d3-49da-0749-a8a9-7ef707cb7696}.Debug|Any CPU.Build.0 = Debug|Any CPU
		{34d12595-59f1-9dcf-f756-66cb7ca91d4e}.Debug|Any CPU.ActiveCfg = Debug|Any CPU
		{34d12595-59f1-9dcf-f756-66cb7ca91d4e}.Debug|Any CPU.Build.0 = Debug|Any CPU
		{92315696-cf3e-3982-8852-7c1dbaa88748}.Debug|Any CPU.ActiveCfg = Debug|Any CPU
		{92315696-cf3e-3982-8852-7c1dbaa88748}.Debug|Any CPU.Build.0 = Debug|Any CPU
		{36b762e2-5cd1-b849-53e5-b755b83595bf}.Debug|Any CPU.ActiveCfg = Debug|Any CPU
		{36b762e2-5cd1-b849-53e5-b755b83595bf}.Debug|Any CPU.Build.0 = Debug|Any CPU
	EndGlobalSection
	GlobalSection(SolutionProperties) = preSolution
		HideSolutionNode = FALSE
	EndGlobalSection
EndGlobal
